
Microsoft Visual Studio Solution File, Format Version 12.00
# Visual Studio 15
VisualStudioVersion = 15.0.28010.2036
MinimumVisualStudioVersion = 10.0.40219.1
Project("{FAE04EC0-301F-11D3-BF4B-00C04F79EFBC}") = "JsonLogger", "JsonLogger\JsonLogger.csproj", "{7A574F74-B342-4242-B0F3-FAC26F6518FD}"
EndProject
Project("{FAE04EC0-301F-11D3-BF4B-00C04F79EFBC}") = "TestApp", "TestApp\TestApp.csproj", "{EF906080-F87D-4462-92CD-98F9801E59CB}"
	ProjectSection(ProjectDependencies) = postProject
		{7A574F74-B342-4242-B0F3-FAC26F6518FD} = {7A574F74-B342-4242-B0F3-FAC26F6518FD}
	EndProjectSection
EndProject
Global
	GlobalSection(SolutionConfigurationPlatforms) = preSolution
		Debug|Any CPU = Debug|Any CPU
		Release|Any CPU = Release|Any CPU
	EndGlobalSection
	GlobalSection(ProjectConfigurationPlatforms) = postSolution
		{7A574F74-B342-4242-B0F3-FAC26F6518FD}.Debug|Any CPU.ActiveCfg = Debug|Any CPU
		{7A574F74-B342-4242-B0F3-FAC26F6518FD}.Debug|Any CPU.Build.0 = Debug|Any CPU
		{7A574F74-B342-4242-B0F3-FAC26F6518FD}.Release|Any CPU.ActiveCfg = Release|Any CPU
		{7A574F74-B342-4242-B0F3-FAC26F6518FD}.Release|Any CPU.Build.0 = Release|Any CPU
		{EF906080-F87D-4462-92CD-98F9801E59CB}.Debug|Any CPU.ActiveCfg = Debug|Any CPU
		{EF906080-F87D-4462-92CD-98F9801E59CB}.Debug|Any CPU.Build.0 = Debug|Any CPU
		{EF906080-F87D-4462-92CD-98F9801E59CB}.Release|Any CPU.ActiveCfg = Release|Any CPU
		{EF906080-F87D-4462-92CD-98F9801E59CB}.Release|Any CPU.Build.0 = Release|Any CPU
	EndGlobalSection
	GlobalSection(SolutionProperties) = preSolution
		HideSolutionNode = FALSE
	EndGlobalSection
	GlobalSection(ExtensibilityGlobals) = postSolution
		SolutionGuid = {30F4CB15-6F34-4052-8EFB-75D790D40E9E}
	EndGlobalSection
EndGlobal
